<?xml version="1.0" encoding="utf-8"?>
<Project ToolsVersion="4.0" xmlns="http://schemas.microsoft.com/developer/msbuild/2003">
  <ItemGroup>
    <Filter Include="Source Files">
      <UniqueIdentifier>{4FC737F1-C7A5-4376-A066-2A32D752A2FF}</UniqueIdentifier>
      <Extensions>cpp;c;cc;cxx;def;odl;idl;hpj;bat;asm;asmx</Extensions>
    </Filter>
    <Filter Include="Header Files">
      <UniqueIdentifier>{93995380-89BD-4b04-88EB-625FBE52EBFB}</UniqueIdentifier>
      <Extensions>h;hh;hpp;hxx;hm;inl;inc;ipp;xsd</Extensions>
    </Filter>
    <Filter Include="Resource Files">
      <UniqueIdentifier>{67DA6AB6-F800-4c08-8B7A-83BB121AAD01}</UniqueIdentifier>
      <Extensions>rc;ico;cur;bmp;dlg;rc2;rct;bin;rgs;gif;jpg;jpeg;jpe;resx;tiff;tif;png;wav;mfcribbon-ms</Extensions>
    </Filter>
  </ItemGroup>
  <ItemGroup>
    <ClCompile Include="scene.cpp">
      <Filter>Source Files</Filter>
    </ClCompile>
    <ClCompile Include="boundingBox.cpp">
      <Filter>Source Files</Filter>
    </ClCompile>
    <ClCompile Include="main.cpp">
      <Filter>Source Files</Filter>
    </ClCompile>
    <ClCompile Include="sampler.cpp">
      <Filter>Source Files</Filter>
    </ClCompile>
    <ClCompile Include="vector.cpp">
      <Filter>Source Files</Filter>
    </ClCompile>
  </ItemGroup>
  <ItemGroup>
    <ClInclude Include="ray.h">
      <Filter>Header Files</Filter>
    </ClInclude>
    <ClInclude Include="sampler.h">
      <Filter>Header Files</Filter>
    </ClInclude>
    <ClInclude Include="boundingBox.h">
      <Filter>Header Files</Filter>
    </ClInclude>
    <ClInclude Include="camera.h">
      <Filter>Header Files</Filter>
    </ClInclude>
    <ClInclude Include="color.h">
      <Filter>Header Files</Filter>
    </ClInclude>
    <ClInclude Include="grid.h">
      <Filter>Header Files</Filter>
    </ClInclude>
    <ClInclude Include="maths.h">
      <Filter>Header Files</Filter>
    </ClInclude>
    <ClInclude Include="scene.h">
      <Filter>Header Files</Filter>
    </ClInclude>
    <ClInclude Include="vector.h">
      <Filter>Header Files</Filter>
    </ClInclude>
  </ItemGroup>
  <ItemGroup>
    <None Include="Dependencies.exe" />
    <None Include="P3D_Scenes\balls_box.p3f">
      <Filter>Resource Files</Filter>
    </None>
    <None Include="P3D_Scenes\balls_high.p3f">
      <Filter>Resource Files</Filter>
    </None>
    <None Include="P3D_Scenes\balls_low.p3f">
      <Filter>Resource Files</Filter>
    </None>
    <None Include="P3D_Scenes\balls_medium.p3f">
      <Filter>Resource Files</Filter>
    </None>
  </ItemGroup>
  <ItemGroup>
    <Image Include="skybox\back.jpg">
      <Filter>Resource Files</Filter>
    </Image>
    <Image Include="skybox\bottom.jpg">
      <Filter>Resource Files</Filter>
    </Image>
    <Image Include="skybox\front.jpg">
      <Filter>Resource Files</Filter>
    </Image>
    <Image Include="skybox\left.jpg">
      <Filter>Resource Files</Filter>
    </Image>
    <Image Include="skybox\right.jpg">
      <Filter>Resource Files</Filter>
    </Image>
    <Image Include="skybox\top.jpg">
      <Filter>Resource Files</Filter>
    </Image>
  </ItemGroup>
</Project>