
Microsoft Visual Studio Solution File, Format Version 12.00
# Visual Studio Version 16
VisualStudioVersion = 16.0.29806.167
MinimumVisualStudioVersion = 10.0.40219.1
Project("{8BC9CEB8-8B4A-11D0-8D11-00A0C91BC942}") = "P3D_Lab1", "P3D_Lab1\P3D_Lab1.vcxproj", "{4207576A-5224-4871-B881-CDADC6D9A95D}"
EndProject
Global
	GlobalSection(SolutionConfigurationPlatforms) = preSolution
		Debug|x64 = Debug|x64
		Debug|x86 = Debug|x86
		Release|x64 = Release|x64
		Release|x86 = Release|x86
	EndGlobalSection
	GlobalSection(ProjectConfigurationPlatforms) = postSolution
		{4207576A-5224-4871-B881-CDADC6D9A95D}.Debug|x64.ActiveCfg = Debug|x64
		{4207576A-5224-4871-B881-CDADC6D9A95D}.Debug|x64.Build.0 = Debug|x64
		{4207576A-5224-4871-B881-CDADC6D9A95D}.Debug|x86.ActiveCfg = Debug|Win32
		{4207576A-5224-4871-B881-CDADC6D9A95D}.Debug|x86.Build.0 = Debug|Win32
		{4207576A-5224-4871-B881-CDADC6D9A95D}.Release|x64.ActiveCfg = Release|x64
		{4207576A-5224-4871-B881-CDADC6D9A95D}.Release|x64.Build.0 = Release|x64
		{4207576A-5224-4871-B881-CDADC6D9A95D}.Release|x86.ActiveCfg = Release|Win32
		{4207576A-5224-4871-B881-CDADC6D9A95D}.Release|x86.Build.0 = Release|Win32
	EndGlobalSection
	GlobalSection(SolutionProperties) = preSolution
		HideSolutionNode = FALSE
	EndGlobalSection
	GlobalSection(ExtensibilityGlobals) = postSolution
		SolutionGuid = {0E45DA27-D659-4D5D-B3DB-37D5B5565A09}
	EndGlobalSection
EndGlobal
